PODS:
  - Kiwi/ARC (2.2.4)
  - Kiwi/NonARC (2.2.4)
  - Kiwi/XCTest (2.2.4):
    - Kiwi/ARC
    - Kiwi/NonARC
  - ObjectiveRecord (1.5.0):
    - ObjectiveSugar
  - ObjectiveSugar (1.1.0)
  - SimpleSyncService (1.2.2):
    - ObjectiveRecord

DEPENDENCIES:
  - Kiwi/XCTest
  - SimpleSyncService (from `../`)

EXTERNAL SOURCES:
  SimpleSyncService:
    :path: ../

SPEC CHECKSUMS:
  Kiwi: d60d7498b640a16f58b01925fc3c8d7c4d809f66
  ObjectiveRecord: 53dc392fbb4c8a8942f966bab9da8d9441532765
  ObjectiveSugar: fed588577bcf9733546aeaa089de444e4bab9a52
  SimpleSyncService: 346709af1cee88ab5909c859febdcb1bb657a92b

COCOAPODS: 0.32.1
